// !$*UTF8*$!
{
	archiveVersion = 1;
	classes = {
	};
	objectVersion = 46;
	objects = {
		10DC9CD2158AF4ADA7BE7AD2 = {
			isa = PBXBuildFile;
			fileRef = C2DD2001F4995EFA4B5B4F5C;
		};
		65B3E07C6CC4887086BC45FA = {
			isa = PBXBuildFile;
			fileRef = C38FC8E5F85A43B7D6FEF510;
		};
		BB6F2DE4237AD44C2925F202 = {
			isa = PBXBuildFile;
			fileRef = 527D39538B8D0D3CBC49E068;
		};
		CFAFCCC3DC42375E78AAEE75 = {
			isa = PBXBuildFile;
			fileRef = BA3530A84AFD7C3B07B6DB9F;
		};
		1900A579C359D6D031A157B7 = {
			isa = PBXBuildFile;
			fileRef = 2DCB2A9DCF8097CC0A5DF768;
		};
		54476CEC8E459681D109362F = {
			isa = PBXBuildFile;
			fileRef = 46276AF431FC68C49E8DDF96;
		};
		E10D4515AF3B3B2ACBCB3649 = {
			isa = PBXBuildFile;
			fileRef = 7C2A299705104769E5C57537;
		};
		44D16CA782C8012BDE70ADEA = {
			isa = PBXBuildFile;
			fileRef = E1440C99B06A35B0C55B46DA;
		};
		4A8672D4E56506189E5CF8EB = {
			isa = PBXBuildFile;
			fileRef = 0E1C2E519A47B368DA7AED3B;
		};
		A623CF972067B20024ABDBF9 = {
			isa = PBXBuildFile;
			fileRef = 2D9B0BF476B2B090678E6032;
		};
		CE151D5CA010D02152257B3A = {
			isa = PBXBuildFile;
			fileRef = 1A1A145B7A982E78192848E8;
		};
		CF6295986C0F7009EDE0D3DC = {
			isa = PBXBuildFile;
			fileRef = 8DF0E8C6A4963AA776CE2E72;
		};
		C79E2A4044B55413F1B770FD = {
			isa = PBXBuildFile;
			fileRef = 584599D3BD04A44641FD3C57;
		};
		628C0FEF2C57E50E5F5EF23D = {
			isa = PBXBuildFile;
			fileRef = 192E1241FBCEEBC96416B7D4;
		};
		0B3D20502EC27C7365248A34 = {
			isa = PBXBuildFile;
			fileRef = E8BFFE7DC0E376445F84D8E0;
		};
		9B6DC0A2CB56CB1F4B9BA252 = {
			isa = PBXBuildFile;
			fileRef = 7C34679DBFFC13E6FD85C835;
		};
		661C74DF3C7E0F7A04B71385 = {
			isa = PBXBuildFile;
			fileRef = 95618FC8513CAFC47B334511;
		};
		4A25705454F665A62B29E77B = {
			isa = PBXBuildFile;
			fileRef = 2BD26A17F909720D04D73748;
		};
		F5EB11592E8AE7DBC4E18FCB = {
			isa = PBXBuildFile;
			fileRef = 4B4E52EABD5FE844C7C614C1;
		};
		AE7D7C542554D80DB89EF322 = {
			isa = PBXBuildFile;
			fileRef = FBBFE7B5829568B12E8DC4AC;
		};
		B0A745723BE9DEE0CB6AD99A = {
			isa = PBXBuildFile;
			fileRef = A102DA1359F809D20A72F806;
		};
		29259B413930F62EECA3E1BC = {
			isa = PBXBuildFile;
			fileRef = 1F5E2631B5237105A39D534B;
		};
		02CE20669E95A82EC2271680 = {
			isa = PBXBuildFile;
			fileRef = 45E5344CAA0730F8F0501790;
		};
		4F0265E43C84194E29865887 = {
			isa = PBXBuildFile;
			fileRef = CDB75CA4D218EDFACFE29C51;
		};
		407D6F486447311A636E957C = {
			isa = PBXBuildFile;
			fileRef = CD2CD20338378F30CEDC633D;
		};
		5EFACC8C8DBAD79BF1B8E95B = {
			isa = PBXBuildFile;
			fileRef = 63085BB27A68F9F591786AB3;
		};
		D591C0D6D0F91AA47647486F = {
			isa = PBXBuildFile;
			fileRef = 7701FB505F4CF53B2FCF0132;
		};
		2047408C1E5EE047CEBDD5C2 = {
			isa = PBXBuildFile;
			fileRef = 403107062AE4CF3A6E6E0EEF;
		};
		5A3B085B9543FD4AECF8F6B1 = {
			isa = PBXBuildFile;
			fileRef = 4597CF2A1B89E18A817EE52D;
		};
		87375BBF81EA68D6AD3CBA4E = {
			isa = PBXBuildFile;
			fileRef = 4D2FBD796C1BF17D9061F1A6;
		};
		0BBEBB3083821EA8FBE37566 = {
			isa = PBXBuildFile;
			fileRef = 3B1674E3321FC30120A91676;
		};
		09F35B45F8077996A47F17BC = {
			isa = PBXFileReference;
			lastKnownFileType = text.plist.xml;
			name = Nave.entitlements;
			path = Nave.entitlements;
			sourceTree = "SOURCE_ROOT";
		};
		0E1C2E519A47B368DA7AED3B = {
			isa = PBXFileReference;
			lastKnownFileType = wrapper.framework;
			name = DiscRecording.framework;
			path = System/Library/Frameworks/DiscRecording.framework;
			sourceTree = SDKROOT;
		};
		1016F76512A695DCFE50ED39 = {
			isa = PBXFileReference;
			lastKnownFileType = file;
			name = "juce_audio_processors";
			path = "../../JuceLibraryCode/modules/juce_audio_processors";
			sourceTree = "SOURCE_ROOT";
		};
		18B0F49859A06D339B851080 = {
			isa = PBXFileReference;
			lastKnownFileType = file;
			name = "juce_audio_basics";
			path = "../../JuceLibraryCode/modules/juce_audio_basics";
			sourceTree = "SOURCE_ROOT";
		};
		192E1241FBCEEBC96416B7D4 = {
			isa = PBXFileReference;
			lastKnownFileType = file.nib;
			name = RecentFilesMenuTemplate.nib;
			path = RecentFilesMenuTemplate.nib;
			sourceTree = "SOURCE_ROOT";
		};
		1A1A145B7A982E78192848E8 = {
			isa = PBXFileReference;
			lastKnownFileType = wrapper.framework;
			name = OpenGL.framework;
			path = System/Library/Frameworks/OpenGL.framework;
			sourceTree = SDKROOT;
		};
		1F5E2631B5237105A39D534B = {
			isa = PBXFileReference;
			lastKnownFileType = sourcecode.cpp.objcpp;
			name = "include_juce_audio_processors.mm";
			path = "../../JuceLibraryCode/include_juce_audio_processors.mm";
			sourceTree = "SOURCE_ROOT";
		};
		2BB5EB1A26CC7EFCF55E2A5B = {
			isa = PBXFileReference;
			lastKnownFileType = file;
			name = "juce_core";
			path = "../../JuceLibraryCode/modules/juce_core";
			sourceTree = "SOURCE_ROOT";
		};
		2BD26A17F909720D04D73748 = {
			isa = PBXFileReference;
			lastKnownFileType = sourcecode.cpp.cpp;
			name = Main.cpp;
			path = ../../Source/Main.cpp;
			sourceTree = "SOURCE_ROOT";
		};
		2D9B0BF476B2B090678E6032 = {
			isa = PBXFileReference;
			lastKnownFileType = wrapper.framework;
			name = IOKit.framework;
			path = System/Library/Frameworks/IOKit.framework;
			sourceTree = SDKROOT;
		};
		2DCB2A9DCF8097CC0A5DF768 = {
			isa = PBXFileReference;
			lastKnownFileType = wrapper.framework;
			name = Cocoa.framework;
			path = System/Library/Frameworks/Cocoa.framework;
			sourceTree = SDKROOT;
		};
		3B1674E3321FC30120A91676 = {
			isa = PBXFileReference;
			lastKnownFileType = sourcecode.cpp.objcpp;
			name = "include_juce_opengl.mm";
			path = "../../JuceLibraryCode/include_juce_opengl.mm";
			sourceTree = "SOURCE_ROOT";
		};
		3B3FB3E579F51B5687641D6F = {
			isa = PBXFileReference;
			lastKnownFileType = sourcecode.c.h;
			name = SynthAudioSource.h;
			path = ../../Source/SynthAudioSource.h;
			sourceTree = "SOURCE_ROOT";
		};
		3E4E0EAE5E7F2A260CA339EB = {
			isa = PBXFileReference;
			lastKnownFileType = sourcecode.c.h;
			name = SamplerAudioSource.h;
			path = ../../Source/SamplerAudioSource.h;
			sourceTree = "SOURCE_ROOT";
		};
		3E9C0372090C2852C4494248 = {
			isa = PBXFileReference;
			lastKnownFileType = file;
			name = "juce_audio_devices";
			path = "../../JuceLibraryCode/modules/juce_audio_devices";
			sourceTree = "SOURCE_ROOT";
		};
		3F6420B9E360361C99ED6457 = {
			isa = PBXFileReference;
			lastKnownFileType = file;
			name = "juce_events";
			path = "../../JuceLibraryCode/modules/juce_events";
			sourceTree = "SOURCE_ROOT";
		};
		403107062AE4CF3A6E6E0EEF = {
			isa = PBXFileReference;
			lastKnownFileType = sourcecode.cpp.objcpp;
			name = "include_juce_graphics.mm";
			path = "../../JuceLibraryCode/include_juce_graphics.mm";
			sourceTree = "SOURCE_ROOT";
		};
		43366CF4361562577CF80F9D = {
			isa = PBXFileReference;
			lastKnownFileType = file;
			name = "juce_audio_utils";
			path = "../../JuceLibraryCode/modules/juce_audio_utils";
			sourceTree = "SOURCE_ROOT";
		};
		4597CF2A1B89E18A817EE52D = {
			isa = PBXFileReference;
			lastKnownFileType = sourcecode.cpp.objcpp;
			name = "include_juce_gui_basics.mm";
			path = "../../JuceLibraryCode/include_juce_gui_basics.mm";
			sourceTree = "SOURCE_ROOT";
		};
		45E5344CAA0730F8F0501790 = {
			isa = PBXFileReference;
			lastKnownFileType = sourcecode.cpp.objcpp;
			name = "include_juce_audio_utils.mm";
			path = "../../JuceLibraryCode/include_juce_audio_utils.mm";
			sourceTree = "SOURCE_ROOT";
		};
		46276AF431FC68C49E8DDF96 = {
			isa = PBXFileReference;
			lastKnownFileType = wrapper.framework;
			name = CoreAudio.framework;
			path = System/Library/Frameworks/CoreAudio.framework;
			sourceTree = SDKROOT;
		};
		4B4E52EABD5FE844C7C614C1 = {
			isa = PBXFileReference;
			lastKnownFileType = sourcecode.cpp.objcpp;
			name = "include_juce_audio_basics.mm";
			path = "../../JuceLibraryCode/include_juce_audio_basics.mm";
			sourceTree = "SOURCE_ROOT";
		};
		4D2FBD796C1BF17D9061F1A6 = {
			isa = PBXFileReference;
			lastKnownFileType = sourcecode.cpp.objcpp;
			name = "include_juce_gui_extra.mm";
			path = "../../JuceLibraryCode/include_juce_gui_extra.mm";
			sourceTree = "SOURCE_ROOT";
		};
		4FC2CFC0B4E51A80D2D9A979 = {
			isa = PBXFileReference;
			lastKnownFileType = text.plist.xml;
			name = "Info-App.plist";
			path = "Info-App.plist";
			sourceTree = "SOURCE_ROOT";
		};
		527D39538B8D0D3CBC49E068 = {
			isa = PBXFileReference;
			lastKnownFileType = wrapper.framework;
			name = AudioToolbox.framework;
			path = System/Library/Frameworks/AudioToolbox.framework;
			sourceTree = SDKROOT;
		};
		5345834C0E2C81FE7B47055C = {
			isa = PBXFileReference;
			lastKnownFileType = file;
			name = "juce_cryptography";
			path = "../../JuceLibraryCode/modules/juce_cryptography";
			sourceTree = "SOURCE_ROOT";
		};
		584599D3BD04A44641FD3C57 = {
			isa = PBXFileReference;
			lastKnownFileType = wrapper.framework;
			name = WebKit.framework;
			path = System/Library/Frameworks/WebKit.framework;
			sourceTree = SDKROOT;
		};
		5B907ED571251C50D1D17B29 = {
			isa = PBXFileReference;
			lastKnownFileType = file;
			name = "juce_data_structures";
			path = "../../JuceLibraryCode/modules/juce_data_structures";
			sourceTree = "SOURCE_ROOT";
		};
		62367905AF129B0AD1F5DE73 = {
			isa = PBXFileReference;
			lastKnownFileType = file;
			name = "juce_opengl";
			path = "../../JuceLibraryCode/modules/juce_opengl";
			sourceTree = "SOURCE_ROOT";
		};
		63085BB27A68F9F591786AB3 = {
			isa = PBXFileReference;
			lastKnownFileType = sourcecode.cpp.objcpp;
			name = "include_juce_data_structures.mm";
			path = "../../JuceLibraryCode/include_juce_data_structures.mm";
			sourceTree = "SOURCE_ROOT";
		};
		7701FB505F4CF53B2FCF0132 = {
			isa = PBXFileReference;
			lastKnownFileType = sourcecode.cpp.objcpp;
			name = "include_juce_events.mm";
			path = "../../JuceLibraryCode/include_juce_events.mm";
			sourceTree = "SOURCE_ROOT";
		};
		786D34AE230C9C600C5C771F = {
			isa = PBXFileReference;
			lastKnownFileType = file;
			name = "juce_graphics";
			path = "../../JuceLibraryCode/modules/juce_graphics";
			sourceTree = "SOURCE_ROOT";
		};
		7C2A299705104769E5C57537 = {
			isa = PBXFileReference;
			lastKnownFileType = wrapper.framework;
			name = CoreAudioKit.framework;
			path = System/Library/Frameworks/CoreAudioKit.framework;
			sourceTree = SDKROOT;
		};
		7C34679DBFFC13E6FD85C835 = {
			isa = PBXFileReference;
			lastKnownFileType = sourcecode.cpp.cpp;
			name = SamplerAudioSource.cpp;
			path = ../../Source/SamplerAudioSource.cpp;
			sourceTree = "SOURCE_ROOT";
		};
		891456C7454FFF11D5CC5BA2 = {
			isa = PBXFileReference;
			lastKnownFileType = sourcecode.c.h;
			name = AppConfig.h;
			path = ../../JuceLibraryCode/AppConfig.h;
			sourceTree = "SOURCE_ROOT";
		};
		8DF0E8C6A4963AA776CE2E72 = {
			isa = PBXFileReference;
			lastKnownFileType = wrapper.framework;
			name = QuartzCore.framework;
			path = System/Library/Frameworks/QuartzCore.framework;
			sourceTree = SDKROOT;
		};
		95618FC8513CAFC47B334511 = {
			isa = PBXFileReference;
			lastKnownFileType = sourcecode.cpp.cpp;
			name = MainComponent.cpp;
			path = ../../Source/MainComponent.cpp;
			sourceTree = "SOURCE_ROOT";
		};
		A102DA1359F809D20A72F806 = {
			isa = PBXFileReference;
			lastKnownFileType = sourcecode.cpp.objcpp;
			name = "include_juce_audio_formats.mm";
			path = "../../JuceLibraryCode/include_juce_audio_formats.mm";
			sourceTree = "SOURCE_ROOT";
		};
		A13D563303FC9B1F545D8666 = {
			isa = PBXFileReference;
			lastKnownFileType = file;
			name = "juce_gui_extra";
			path = "../../JuceLibraryCode/modules/juce_gui_extra";
			sourceTree = "SOURCE_ROOT";
		};
		B459639B9F1A35BBDBE65239 = {
			isa = PBXFileReference;
			lastKnownFileType = sourcecode.c.h;
			name = JuceHeader.h;
			path = ../../JuceLibraryCode/JuceHeader.h;
			sourceTree = "SOURCE_ROOT";
		};
		BA3530A84AFD7C3B07B6DB9F = {
			isa = PBXFileReference;
			lastKnownFileType = wrapper.framework;
			name = Carbon.framework;
			path = System/Library/Frameworks/Carbon.framework;
			sourceTree = SDKROOT;
		};
		C1DF1713358FDA9F3B5B3867 = {
			isa = PBXFileReference;
			lastKnownFileType = file;
			name = "juce_gui_basics";
			path = "../../JuceLibraryCode/modules/juce_gui_basics";
			sourceTree = "SOURCE_ROOT";
		};
		C2DD2001F4995EFA4B5B4F5C = {
			isa = PBXFileReference;
			explicitFileType = wrapper.application;
			includeInIndex = 0;
			path = Nave.app;
			sourceTree = "BUILT_PRODUCTS_DIR";
		};
		C38FC8E5F85A43B7D6FEF510 = {
			isa = PBXFileReference;
			lastKnownFileType = wrapper.framework;
			name = Accelerate.framework;
			path = System/Library/Frameworks/Accelerate.framework;
			sourceTree = SDKROOT;
		};
		CD2CD20338378F30CEDC633D = {
			isa = PBXFileReference;
			lastKnownFileType = sourcecode.cpp.objcpp;
			name = "include_juce_cryptography.mm";
			path = "../../JuceLibraryCode/include_juce_cryptography.mm";
			sourceTree = "SOURCE_ROOT";
		};
		CDB75CA4D218EDFACFE29C51 = {
			isa = PBXFileReference;
			lastKnownFileType = sourcecode.cpp.objcpp;
			name = "include_juce_core.mm";
			path = "../../JuceLibraryCode/include_juce_core.mm";
			sourceTree = "SOURCE_ROOT";
		};
		D87F792F3A641919088A7BD7 = {
			isa = PBXFileReference;
			lastKnownFileType = sourcecode.c.h;
			name = MainComponent.h;
			path = ../../Source/MainComponent.h;
			sourceTree = "SOURCE_ROOT";
		};
		E1440C99B06A35B0C55B46DA = {
			isa = PBXFileReference;
			lastKnownFileType = wrapper.framework;
			name = CoreMIDI.framework;
			path = System/Library/Frameworks/CoreMIDI.framework;
			sourceTree = SDKROOT;
		};
		E1D11414E245396B4B5745E4 = {
			isa = PBXFileReference;
			lastKnownFileType = file;
			name = "juce_audio_formats";
			path = "../../JuceLibraryCode/modules/juce_audio_formats";
			sourceTree = "SOURCE_ROOT";
		};
		E8BFFE7DC0E376445F84D8E0 = {
			isa = PBXFileReference;
			lastKnownFileType = sourcecode.cpp.cpp;
			name = SynthAudioSource.cpp;
			path = ../../Source/SynthAudioSource.cpp;
			sourceTree = "SOURCE_ROOT";
		};
		FBBFE7B5829568B12E8DC4AC = {
			isa = PBXFileReference;
			lastKnownFileType = sourcecode.cpp.objcpp;
			name = "include_juce_audio_devices.mm";
			path = "../../JuceLibraryCode/include_juce_audio_devices.mm";
			sourceTree = "SOURCE_ROOT";
		};
		055DEF760DED4F16D67CD0E2 = {
			isa = PBXGroup;
			children = (
				E8BFFE7DC0E376445F84D8E0,
				3B3FB3E579F51B5687641D6F,
				7C34679DBFFC13E6FD85C835,
				3E4E0EAE5E7F2A260CA339EB,
				D87F792F3A641919088A7BD7,
				95618FC8513CAFC47B334511,
				2BD26A17F909720D04D73748,
			);
			name = Source;
			sourceTree = "<group>";
		};
		10D60B7895E0A6596EFAB6B6 = {
			isa = PBXGroup;
			children = (
				055DEF760DED4F16D67CD0E2,
			);
			name = Nave;
			sourceTree = "<group>";
		};
		B7E60CEDF8F49C6BF0D4E03B = {
			isa = PBXGroup;
			children = (
				18B0F49859A06D339B851080,
				3E9C0372090C2852C4494248,
				E1D11414E245396B4B5745E4,
				1016F76512A695DCFE50ED39,
				43366CF4361562577CF80F9D,
				2BB5EB1A26CC7EFCF55E2A5B,
				5345834C0E2C81FE7B47055C,
				5B907ED571251C50D1D17B29,
				3F6420B9E360361C99ED6457,
				786D34AE230C9C600C5C771F,
				C1DF1713358FDA9F3B5B3867,
				A13D563303FC9B1F545D8666,
				62367905AF129B0AD1F5DE73,
			);
			name = "JUCE Modules";
			sourceTree = "<group>";
		};
		3BE4613B91F5DB50DE6ECC81 = {
			isa = PBXGroup;
			children = (
				891456C7454FFF11D5CC5BA2,
				4B4E52EABD5FE844C7C614C1,
				FBBFE7B5829568B12E8DC4AC,
				A102DA1359F809D20A72F806,
				1F5E2631B5237105A39D534B,
				45E5344CAA0730F8F0501790,
				CDB75CA4D218EDFACFE29C51,
				CD2CD20338378F30CEDC633D,
				63085BB27A68F9F591786AB3,
				7701FB505F4CF53B2FCF0132,
				403107062AE4CF3A6E6E0EEF,
				4597CF2A1B89E18A817EE52D,
				4D2FBD796C1BF17D9061F1A6,
				3B1674E3321FC30120A91676,
				B459639B9F1A35BBDBE65239,
			);
			name = "JUCE Library Code";
			sourceTree = "<group>";
		};
		26A72B561836DE707A6F82B1 = {
			isa = PBXGroup;
			children = (
				4FC2CFC0B4E51A80D2D9A979,
				192E1241FBCEEBC96416B7D4,
			);
			name = Resources;
			sourceTree = "<group>";
		};
		846778FAB2A3CC506A34D235 = {
			isa = PBXGroup;
			children = (
				C38FC8E5F85A43B7D6FEF510,
				527D39538B8D0D3CBC49E068,
				BA3530A84AFD7C3B07B6DB9F,
				2DCB2A9DCF8097CC0A5DF768,
				46276AF431FC68C49E8DDF96,
				7C2A299705104769E5C57537,
				E1440C99B06A35B0C55B46DA,
				0E1C2E519A47B368DA7AED3B,
				2D9B0BF476B2B090678E6032,
				1A1A145B7A982E78192848E8,
				8DF0E8C6A4963AA776CE2E72,
				584599D3BD04A44641FD3C57,
			);
			name = Frameworks;
			sourceTree = "<group>";
		};
		EDD871D3545FF0F136E4F89F = {
			isa = PBXGroup;
			children = (
				C2DD2001F4995EFA4B5B4F5C,
			);
			name = Products;
			sourceTree = "<group>";
		};
		8A7AF558BAD1F86595C76042 = {
			isa = PBXGroup;
			children = (
				10D60B7895E0A6596EFAB6B6,
				B7E60CEDF8F49C6BF0D4E03B,
				3BE4613B91F5DB50DE6ECC81,
				26A72B561836DE707A6F82B1,
				846778FAB2A3CC506A34D235,
				EDD871D3545FF0F136E4F89F,
			);
			name = Source;
			sourceTree = "<group>";
		};
		FBC867FAFA3E5758C8BD32F9 = {
			isa = XCBuildConfiguration;
			buildSettings = {
				CLANG_CXX_LANGUAGE_STANDARD = "c++14";
				CLANG_CXX_LIBRARY = "libc++";
				CLANG_LINK_OBJC_RUNTIME = NO;
				CODE_SIGN_IDENTITY = "";
				COMBINE_HIDPI_IMAGES = YES;
				CONFIGURATION_BUILD_DIR = "$(PROJECT_DIR)/build/$(CONFIGURATION)";
				COPY_PHASE_STRIP = NO;
				GCC_DYNAMIC_NO_PIC = NO;
				GCC_OPTIMIZATION_LEVEL = 0;
				GCC_PREPROCESSOR_DEFINITIONS = (
					"_DEBUG=1",
					"DEBUG=1",
					"JUCER_XCODE_MAC_F6D2F4CF=1",
					"JUCE_APP_VERSION=1.0.0",
					"JUCE_APP_VERSION_HEX=0x10000",
					"JucePlugin_Build_VST=0",
					"JucePlugin_Build_VST3=0",
					"JucePlugin_Build_AU=0",
					"JucePlugin_Build_AUv3=0",
					"JucePlugin_Build_RTAS=0",
					"JucePlugin_Build_AAX=0",
					"JucePlugin_Build_Standalone=0",
					"JucePlugin_Build_Unity=0",
				);
				GCC_VERSION = com.apple.compilers.llvm.clang.1_0;
				HEADER_SEARCH_PATHS = (
					"../../JuceLibraryCode",
					"../../JuceLibraryCode/modules",
					"$(inherited)",
				);
				INFOPLIST_FILE = Info-App.plist;
				INFOPLIST_PREPROCESS = NO;
				INSTALL_PATH = "$(HOME)/Applications";
				MACOSX_DEPLOYMENT_TARGET = 10.11;
				PRODUCT_BUNDLE_IDENTIFIER = com.yourcompany.Nave;
				PRODUCT_NAME = "Nave";
				USE_HEADERMAP = NO;
			};
			name = Debug;
		};
		CC7F90998FE394698EBB875E = {
			isa = XCBuildConfiguration;
			buildSettings = {
				CLANG_CXX_LANGUAGE_STANDARD = "c++14";
				CLANG_CXX_LIBRARY = "libc++";
				CLANG_LINK_OBJC_RUNTIME = NO;
				CODE_SIGN_IDENTITY = "";
				COMBINE_HIDPI_IMAGES = YES;
				CONFIGURATION_BUILD_DIR = "$(PROJECT_DIR)/build/$(CONFIGURATION)";
				DEAD_CODE_STRIPPING = YES;
				GCC_GENERATE_DEBUGGING_SYMBOLS = NO;
				GCC_OPTIMIZATION_LEVEL = 3;
				GCC_PREPROCESSOR_DEFINITIONS = (
					"_NDEBUG=1",
					"NDEBUG=1",
					"JUCER_XCODE_MAC_F6D2F4CF=1",
					"JUCE_APP_VERSION=1.0.0",
					"JUCE_APP_VERSION_HEX=0x10000",
					"JucePlugin_Build_VST=0",
					"JucePlugin_Build_VST3=0",
					"JucePlugin_Build_AU=0",
					"JucePlugin_Build_AUv3=0",
					"JucePlugin_Build_RTAS=0",
					"JucePlugin_Build_AAX=0",
					"JucePlugin_Build_Standalone=0",
					"JucePlugin_Build_Unity=0",
				);
				GCC_SYMBOLS_PRIVATE_EXTERN = YES;
				GCC_VERSION = com.apple.compilers.llvm.clang.1_0;
				HEADER_SEARCH_PATHS = (
					"../../JuceLibraryCode",
					"../../JuceLibraryCode/modules",
					"$(inherited)",
				);
				INFOPLIST_FILE = Info-App.plist;
				INFOPLIST_PREPROCESS = NO;
				INSTALL_PATH = "$(HOME)/Applications";
				LLVM_LTO = YES;
				MACOSX_DEPLOYMENT_TARGET = 10.11;
				PRODUCT_BUNDLE_IDENTIFIER = com.yourcompany.Nave;
				PRODUCT_NAME = "Nave";
				USE_HEADERMAP = NO;
			};
			name = Release;
		};
		7BD9BAF2697FF341D21D1D47 = {
			isa = XCBuildConfiguration;
			buildSettings = {
				ALWAYS_SEARCH_USER_PATHS = NO;
				CLANG_ENABLE_OBJC_WEAK = YES;
				CLANG_WARN_BLOCK_CAPTURE_AUTORELEASING = YES;
				CLANG_WARN_BOOL_CONVERSION = YES;
				CLANG_WARN_COMMA = YES;
				CLANG_WARN_CONSTANT_CONVERSION = YES;
				CLANG_WARN_DEPRECATED_OBJC_IMPLEMENTATIONS = YES;
				CLANG_WARN_EMPTY_BODY = YES;
				CLANG_WARN_ENUM_CONVERSION = YES;
				CLANG_WARN_INFINITE_RECURSION = YES;
				CLANG_WARN_INT_CONVERSION = YES;
				CLANG_WARN_NON_LITERAL_NULL_CONVERSION = YES;
				CLANG_WARN_OBJC_IMPLICIT_RETAIN_SELF = YES;
				CLANG_WARN_OBJC_LITERAL_CONVERSION = YES;
				CLANG_WARN_RANGE_LOOP_ANALYSIS = YES;
				CLANG_WARN_STRICT_PROTOTYPES = YES;
				CLANG_WARN_SUSPICIOUS_MOVE = YES;
				CLANG_WARN_UNREACHABLE_CODE = YES;
				CLANG_WARN__DUPLICATE_METHOD_MATCH = YES;
				CODE_SIGN_IDENTITY = "";
				DEBUG_INFORMATION_FORMAT = dwarf;
				ENABLE_STRICT_OBJC_MSGSEND = YES;
				ENABLE_TESTABILITY = YES;
				GCC_C_LANGUAGE_STANDARD = c11;
				GCC_INLINES_ARE_PRIVATE_EXTERN = YES;
				GCC_MODEL_TUNING = G5;
				GCC_NO_COMMON_BLOCKS = YES;
				GCC_WARN_64_TO_32_BIT_CONVERSION = YES;
				GCC_WARN_ABOUT_RETURN_TYPE = YES;
				GCC_WARN_CHECK_SWITCH_STATEMENTS = YES;
				GCC_WARN_MISSING_PARENTHESES = YES;
				GCC_WARN_NON_VIRTUAL_DESTRUCTOR = YES;
				GCC_WARN_TYPECHECK_CALLS_TO_PRINTF = YES;
				GCC_WARN_UNDECLARED_SELECTOR = YES;
				GCC_WARN_UNINITIALIZED_AUTOS = YES;
				GCC_WARN_UNUSED_FUNCTION = YES;
				GCC_WARN_UNUSED_VARIABLE = YES;
				ONLY_ACTIVE_ARCH = YES;
				PRODUCT_NAME = "Nave";
				WARNING_CFLAGS = "-Wreorder";
				ZERO_LINK = NO;
			};
			name = Debug;
		};
		906036D324D6A20558C7982B = {
			isa = XCBuildConfiguration;
			buildSettings = {
				ALWAYS_SEARCH_USER_PATHS = NO;
				CLANG_ENABLE_OBJC_WEAK = YES;
				CLANG_WARN_BLOCK_CAPTURE_AUTORELEASING = YES;
				CLANG_WARN_BOOL_CONVERSION = YES;
				CLANG_WARN_COMMA = YES;
				CLANG_WARN_CONSTANT_CONVERSION = YES;
				CLANG_WARN_DEPRECATED_OBJC_IMPLEMENTATIONS = YES;
				CLANG_WARN_EMPTY_BODY = YES;
				CLANG_WARN_ENUM_CONVERSION = YES;
				CLANG_WARN_INFINITE_RECURSION = YES;
				CLANG_WARN_INT_CONVERSION = YES;
				CLANG_WARN_NON_LITERAL_NULL_CONVERSION = YES;
				CLANG_WARN_OBJC_IMPLICIT_RETAIN_SELF = YES;
				CLANG_WARN_OBJC_LITERAL_CONVERSION = YES;
				CLANG_WARN_RANGE_LOOP_ANALYSIS = YES;
				CLANG_WARN_STRICT_PROTOTYPES = YES;
				CLANG_WARN_SUSPICIOUS_MOVE = YES;
				CLANG_WARN_UNREACHABLE_CODE = YES;
				CLANG_WARN__DUPLICATE_METHOD_MATCH = YES;
				CODE_SIGN_IDENTITY = "";
				DEBUG_INFORMATION_FORMAT = dwarf;
				ENABLE_STRICT_OBJC_MSGSEND = YES;
				GCC_C_LANGUAGE_STANDARD = c11;
				GCC_INLINES_ARE_PRIVATE_EXTERN = YES;
				GCC_MODEL_TUNING = G5;
				GCC_NO_COMMON_BLOCKS = YES;
				GCC_WARN_64_TO_32_BIT_CONVERSION = YES;
				GCC_WARN_ABOUT_RETURN_TYPE = YES;
				GCC_WARN_CHECK_SWITCH_STATEMENTS = YES;
				GCC_WARN_MISSING_PARENTHESES = YES;
				GCC_WARN_NON_VIRTUAL_DESTRUCTOR = YES;
				GCC_WARN_TYPECHECK_CALLS_TO_PRINTF = YES;
				GCC_WARN_UNDECLARED_SELECTOR = YES;
				GCC_WARN_UNINITIALIZED_AUTOS = YES;
				GCC_WARN_UNUSED_FUNCTION = YES;
				GCC_WARN_UNUSED_VARIABLE = YES;
				PRODUCT_NAME = "Nave";
				WARNING_CFLAGS = "-Wreorder";
				ZERO_LINK = NO;
			};
			name = Release;
		};
		14B487E4D6FA3018FEBE12B8 = {
			isa = PBXTargetDependency;
			target = 64130B98B222D8BACC5A7DB9;
		};
		1D021BF65FF5D1766BAAFA60 = {
			isa = XCConfigurationList;
			buildConfigurations = (
				7BD9BAF2697FF341D21D1D47,
				906036D324D6A20558C7982B,
			);
			defaultConfigurationIsVisible = 0;
			defaultConfigurationName = Debug;
		};
		DE461ECB6B3B4E40419682E8 = {
			isa = XCConfigurationList;
			buildConfigurations = (
				FBC867FAFA3E5758C8BD32F9,
				CC7F90998FE394698EBB875E,
			);
			defaultConfigurationIsVisible = 0;
			defaultConfigurationName = Debug;
		};
		A4DC3AD8E835B97D1D64DEE9 = {
			isa = PBXResourcesBuildPhase;
			buildActionMask = 2147483647;
			files = (
				628C0FEF2C57E50E5F5EF23D,
			);
			runOnlyForDeploymentPostprocessing = 0;
		};
		159147182DB79CBCA13A3D91 = {
			isa = PBXSourcesBuildPhase;
			buildActionMask = 2147483647;
			files = (
				0B3D20502EC27C7365248A34,
				9B6DC0A2CB56CB1F4B9BA252,
				661C74DF3C7E0F7A04B71385,
				4A25705454F665A62B29E77B,
				F5EB11592E8AE7DBC4E18FCB,
				AE7D7C542554D80DB89EF322,
				B0A745723BE9DEE0CB6AD99A,
				29259B413930F62EECA3E1BC,
				02CE20669E95A82EC2271680,
				4F0265E43C84194E29865887,
				407D6F486447311A636E957C,
				5EFACC8C8DBAD79BF1B8E95B,
				D591C0D6D0F91AA47647486F,
				2047408C1E5EE047CEBDD5C2,
				5A3B085B9543FD4AECF8F6B1,
				87375BBF81EA68D6AD3CBA4E,
				0BBEBB3083821EA8FBE37566,
			);
			runOnlyForDeploymentPostprocessing = 0;
		};
		25B87972F18A7AC650F69C98 = {
			isa = PBXFrameworksBuildPhase;
			buildActionMask = 2147483647;
			files = (
				65B3E07C6CC4887086BC45FA,
				BB6F2DE4237AD44C2925F202,
				CFAFCCC3DC42375E78AAEE75,
				1900A579C359D6D031A157B7,
				54476CEC8E459681D109362F,
				E10D4515AF3B3B2ACBCB3649,
				44D16CA782C8012BDE70ADEA,
				4A8672D4E56506189E5CF8EB,
				A623CF972067B20024ABDBF9,
				CE151D5CA010D02152257B3A,
				CF6295986C0F7009EDE0D3DC,
				C79E2A4044B55413F1B770FD,
			);
			runOnlyForDeploymentPostprocessing = 0;
		};
		64130B98B222D8BACC5A7DB9 = {
			isa = PBXNativeTarget;
			buildConfigurationList = DE461ECB6B3B4E40419682E8;
			buildPhases = (
				A4DC3AD8E835B97D1D64DEE9,
				159147182DB79CBCA13A3D91,
				25B87972F18A7AC650F69C98,
			);
			buildRules = ( );
			dependencies = ( );
			name = "Nave - App";
			productName = Nave;
			productReference = C2DD2001F4995EFA4B5B4F5C;
			productType = "com.apple.product-type.application";
		};
		1CF3EC8499CE9BAFE80EC060 = {
			isa = PBXProject;
			buildConfigurationList = 1D021BF65FF5D1766BAAFA60;
			attributes = { LastUpgradeCheck = 1100; ORGANIZATIONNAME = ""; TargetAttributes = { 64130B98B222D8BACC5A7DB9 = { SystemCapabilities = {com.apple.ApplicationGroups.iOS = { enabled = 0; }; com.apple.InAppPurchase = { enabled = 0; }; com.apple.InterAppAudio = { enabled = 0; }; com.apple.Push = { enabled = 0; }; com.apple.Sandbox = { enabled = 0; }; com.apple.HardenedRuntime = { enabled = 0; }; }; }; }; };
			compatibilityVersion = "Xcode 3.2";
			hasScannedForEncodings = 0;
			mainGroup = 8A7AF558BAD1F86595C76042;
			projectDirPath = "";
			projectRoot = "";
			targets = (64130B98B222D8BACC5A7DB9);
			knownRegions = (en, Base);
		};
	};
	rootObject = 1CF3EC8499CE9BAFE80EC060;
}
