// !$*UTF8*$!
{
	archiveVersion = 1;
	classes = {
	};
	objectVersion = 46;
	objects = {

/* Begin PBXBuildFile section */
		02CE20669E95A82EC2271680 /* include_juce_audio_utils.mm in Sources */ = {isa = PBXBuildFile; fileRef = 45E5344CAA0730F8F0501790 /* include_juce_audio_utils.mm */; };
		0BBEBB3083821EA8FBE37566 /* include_juce_opengl.mm in Sources */ = {isa = PBXBuildFile; fileRef = 3B1674E3321FC30120A91676 /* include_juce_opengl.mm */; };
		12DF7A2923A2E6270012E6D7 /* Sampler.cpp in Sources */ = {isa = PBXBuildFile; fileRef = 12DF7A2823A2E6270012E6D7 /* Sampler.cpp */; };
		12DF7A2C23A2E7800012E6D7 /* SynthAudioSource.cpp in Sources */ = {isa = PBXBuildFile; fileRef = 12DF7A2B23A2E7800012E6D7 /* SynthAudioSource.cpp */; };
		1900A579C359D6D031A157B7 /* Cocoa.framework in Frameworks */ = {isa = PBXBuildFile; fileRef = 2DCB2A9DCF8097CC0A5DF768 /* Cocoa.framework */; };
		2047408C1E5EE047CEBDD5C2 /* include_juce_graphics.mm in Sources */ = {isa = PBXBuildFile; fileRef = 403107062AE4CF3A6E6E0EEF /* include_juce_graphics.mm */; };
		29259B413930F62EECA3E1BC /* include_juce_audio_processors.mm in Sources */ = {isa = PBXBuildFile; fileRef = 1F5E2631B5237105A39D534B /* include_juce_audio_processors.mm */; };
		407D6F486447311A636E957C /* include_juce_cryptography.mm in Sources */ = {isa = PBXBuildFile; fileRef = CD2CD20338378F30CEDC633D /* include_juce_cryptography.mm */; };
		44D16CA782C8012BDE70ADEA /* CoreMIDI.framework in Frameworks */ = {isa = PBXBuildFile; fileRef = E1440C99B06A35B0C55B46DA /* CoreMIDI.framework */; };
		4A25705454F665A62B29E77B /* Main.cpp in Sources */ = {isa = PBXBuildFile; fileRef = 2BD26A17F909720D04D73748 /* Main.cpp */; };
		4A8672D4E56506189E5CF8EB /* DiscRecording.framework in Frameworks */ = {isa = PBXBuildFile; fileRef = 0E1C2E519A47B368DA7AED3B /* DiscRecording.framework */; };
		4F0265E43C84194E29865887 /* include_juce_core.mm in Sources */ = {isa = PBXBuildFile; fileRef = CDB75CA4D218EDFACFE29C51 /* include_juce_core.mm */; };
		54476CEC8E459681D109362F /* CoreAudio.framework in Frameworks */ = {isa = PBXBuildFile; fileRef = 46276AF431FC68C49E8DDF96 /* CoreAudio.framework */; };
		5A3B085B9543FD4AECF8F6B1 /* include_juce_gui_basics.mm in Sources */ = {isa = PBXBuildFile; fileRef = 4597CF2A1B89E18A817EE52D /* include_juce_gui_basics.mm */; };
		5EFACC8C8DBAD79BF1B8E95B /* include_juce_data_structures.mm in Sources */ = {isa = PBXBuildFile; fileRef = 63085BB27A68F9F591786AB3 /* include_juce_data_structures.mm */; };
		628C0FEF2C57E50E5F5EF23D /* RecentFilesMenuTemplate.nib in Resources */ = {isa = PBXBuildFile; fileRef = 192E1241FBCEEBC96416B7D4 /* RecentFilesMenuTemplate.nib */; };
		65B3E07C6CC4887086BC45FA /* Accelerate.framework in Frameworks */ = {isa = PBXBuildFile; fileRef = C38FC8E5F85A43B7D6FEF510 /* Accelerate.framework */; };
		661C74DF3C7E0F7A04B71385 /* MainComponent.cpp in Sources */ = {isa = PBXBuildFile; fileRef = 95618FC8513CAFC47B334511 /* MainComponent.cpp */; };
		87375BBF81EA68D6AD3CBA4E /* include_juce_gui_extra.mm in Sources */ = {isa = PBXBuildFile; fileRef = 4D2FBD796C1BF17D9061F1A6 /* include_juce_gui_extra.mm */; };
		A623CF972067B20024ABDBF9 /* IOKit.framework in Frameworks */ = {isa = PBXBuildFile; fileRef = 2D9B0BF476B2B090678E6032 /* IOKit.framework */; };
		AE7D7C542554D80DB89EF322 /* include_juce_audio_devices.mm in Sources */ = {isa = PBXBuildFile; fileRef = FBBFE7B5829568B12E8DC4AC /* include_juce_audio_devices.mm */; };
		B0A745723BE9DEE0CB6AD99A /* include_juce_audio_formats.mm in Sources */ = {isa = PBXBuildFile; fileRef = A102DA1359F809D20A72F806 /* include_juce_audio_formats.mm */; };
		BB6F2DE4237AD44C2925F202 /* AudioToolbox.framework in Frameworks */ = {isa = PBXBuildFile; fileRef = 527D39538B8D0D3CBC49E068 /* AudioToolbox.framework */; };
		C79E2A4044B55413F1B770FD /* WebKit.framework in Frameworks */ = {isa = PBXBuildFile; fileRef = 584599D3BD04A44641FD3C57 /* WebKit.framework */; };
		CE151D5CA010D02152257B3A /* OpenGL.framework in Frameworks */ = {isa = PBXBuildFile; fileRef = 1A1A145B7A982E78192848E8 /* OpenGL.framework */; };
		CF6295986C0F7009EDE0D3DC /* QuartzCore.framework in Frameworks */ = {isa = PBXBuildFile; fileRef = 8DF0E8C6A4963AA776CE2E72 /* QuartzCore.framework */; };
		CFAFCCC3DC42375E78AAEE75 /* Carbon.framework in Frameworks */ = {isa = PBXBuildFile; fileRef = BA3530A84AFD7C3B07B6DB9F /* Carbon.framework */; };
		D591C0D6D0F91AA47647486F /* include_juce_events.mm in Sources */ = {isa = PBXBuildFile; fileRef = 7701FB505F4CF53B2FCF0132 /* include_juce_events.mm */; };
		F5EB11592E8AE7DBC4E18FCB /* include_juce_audio_basics.mm in Sources */ = {isa = PBXBuildFile; fileRef = 4B4E52EABD5FE844C7C614C1 /* include_juce_audio_basics.mm */; };
/* End PBXBuildFile section */

/* Begin PBXFileReference section */
		01EC5B85F8DB4D7D6CD6EE26 /* juce_audio_processors */ = {isa = PBXFileReference; lastKnownFileType = folder; name = juce_audio_processors; path = /Users/bennetleff/Documents/JUCE/modules/juce_audio_processors; sourceTree = "<absolute>"; };
		02737FCEE8B8EB2625846640 /* juce_gui_basics */ = {isa = PBXFileReference; lastKnownFileType = folder; name = juce_gui_basics; path = /Users/bennetleff/Documents/JUCE/modules/juce_gui_basics; sourceTree = "<absolute>"; };
		0E1C2E519A47B368DA7AED3B /* DiscRecording.framework */ = {isa = PBXFileReference; lastKnownFileType = wrapper.framework; name = DiscRecording.framework; path = System/Library/Frameworks/DiscRecording.framework; sourceTree = SDKROOT; };
		12DF7A2723A2E6270012E6D7 /* Sampler.h */ = {isa = PBXFileReference; fileEncoding = 4; lastKnownFileType = sourcecode.c.h; name = Sampler.h; path = ../../Source/Sampler.h; sourceTree = "<group>"; };
		12DF7A2823A2E6270012E6D7 /* Sampler.cpp */ = {isa = PBXFileReference; fileEncoding = 4; lastKnownFileType = sourcecode.cpp.cpp; name = Sampler.cpp; path = ../../Source/Sampler.cpp; sourceTree = "<group>"; };
		12DF7A2A23A2E7800012E6D7 /* SynthAudioSource.h */ = {isa = PBXFileReference; fileEncoding = 4; lastKnownFileType = sourcecode.c.h; name = SynthAudioSource.h; path = ../../Source/SynthAudioSource.h; sourceTree = "<group>"; };
		12DF7A2B23A2E7800012E6D7 /* SynthAudioSource.cpp */ = {isa = PBXFileReference; fileEncoding = 4; lastKnownFileType = sourcecode.cpp.cpp; name = SynthAudioSource.cpp; path = ../../Source/SynthAudioSource.cpp; sourceTree = "<group>"; };
		192E1241FBCEEBC96416B7D4 /* RecentFilesMenuTemplate.nib */ = {isa = PBXFileReference; lastKnownFileType = file.nib; path = RecentFilesMenuTemplate.nib; sourceTree = SOURCE_ROOT; };
		1A1A145B7A982E78192848E8 /* OpenGL.framework */ = {isa = PBXFileReference; lastKnownFileType = wrapper.framework; name = OpenGL.framework; path = System/Library/Frameworks/OpenGL.framework; sourceTree = SDKROOT; };
		1F5E2631B5237105A39D534B /* include_juce_audio_processors.mm */ = {isa = PBXFileReference; lastKnownFileType = sourcecode.cpp.objcpp; name = include_juce_audio_processors.mm; path = ../../JuceLibraryCode/include_juce_audio_processors.mm; sourceTree = SOURCE_ROOT; };
		2721F3A1951E260AAAFE6CD7 /* juce_events */ = {isa = PBXFileReference; lastKnownFileType = folder; name = juce_events; path = /Users/bennetleff/Documents/JUCE/modules/juce_events; sourceTree = "<absolute>"; };
		2BD26A17F909720D04D73748 /* Main.cpp */ = {isa = PBXFileReference; lastKnownFileType = sourcecode.cpp.cpp; name = Main.cpp; path = ../../Source/Main.cpp; sourceTree = SOURCE_ROOT; };
		2D9B0BF476B2B090678E6032 /* IOKit.framework */ = {isa = PBXFileReference; lastKnownFileType = wrapper.framework; name = IOKit.framework; path = System/Library/Frameworks/IOKit.framework; sourceTree = SDKROOT; };
		2DCB2A9DCF8097CC0A5DF768 /* Cocoa.framework */ = {isa = PBXFileReference; lastKnownFileType = wrapper.framework; name = Cocoa.framework; path = System/Library/Frameworks/Cocoa.framework; sourceTree = SDKROOT; };
		2ED1990C26B2ED7B452FB167 /* juce_data_structures */ = {isa = PBXFileReference; lastKnownFileType = folder; name = juce_data_structures; path = /Users/bennetleff/Documents/JUCE/modules/juce_data_structures; sourceTree = "<absolute>"; };
		3B1674E3321FC30120A91676 /* include_juce_opengl.mm */ = {isa = PBXFileReference; lastKnownFileType = sourcecode.cpp.objcpp; name = include_juce_opengl.mm; path = ../../JuceLibraryCode/include_juce_opengl.mm; sourceTree = SOURCE_ROOT; };
		403107062AE4CF3A6E6E0EEF /* include_juce_graphics.mm */ = {isa = PBXFileReference; lastKnownFileType = sourcecode.cpp.objcpp; name = include_juce_graphics.mm; path = ../../JuceLibraryCode/include_juce_graphics.mm; sourceTree = SOURCE_ROOT; };
		4597CF2A1B89E18A817EE52D /* include_juce_gui_basics.mm */ = {isa = PBXFileReference; lastKnownFileType = sourcecode.cpp.objcpp; name = include_juce_gui_basics.mm; path = ../../JuceLibraryCode/include_juce_gui_basics.mm; sourceTree = SOURCE_ROOT; };
		45E5344CAA0730F8F0501790 /* include_juce_audio_utils.mm */ = {isa = PBXFileReference; lastKnownFileType = sourcecode.cpp.objcpp; name = include_juce_audio_utils.mm; path = ../../JuceLibraryCode/include_juce_audio_utils.mm; sourceTree = SOURCE_ROOT; };
		46276AF431FC68C49E8DDF96 /* CoreAudio.framework */ = {isa = PBXFileReference; lastKnownFileType = wrapper.framework; name = CoreAudio.framework; path = System/Library/Frameworks/CoreAudio.framework; sourceTree = SDKROOT; };
		4B4E52EABD5FE844C7C614C1 /* include_juce_audio_basics.mm */ = {isa = PBXFileReference; lastKnownFileType = sourcecode.cpp.objcpp; name = include_juce_audio_basics.mm; path = ../../JuceLibraryCode/include_juce_audio_basics.mm; sourceTree = SOURCE_ROOT; };
		4D2FBD796C1BF17D9061F1A6 /* include_juce_gui_extra.mm */ = {isa = PBXFileReference; lastKnownFileType = sourcecode.cpp.objcpp; name = include_juce_gui_extra.mm; path = ../../JuceLibraryCode/include_juce_gui_extra.mm; sourceTree = SOURCE_ROOT; };
		4FC2CFC0B4E51A80D2D9A979 /* Info-App.plist */ = {isa = PBXFileReference; lastKnownFileType = text.plist.xml; path = "Info-App.plist"; sourceTree = SOURCE_ROOT; };
		527D39538B8D0D3CBC49E068 /* AudioToolbox.framework */ = {isa = PBXFileReference; lastKnownFileType = wrapper.framework; name = AudioToolbox.framework; path = System/Library/Frameworks/AudioToolbox.framework; sourceTree = SDKROOT; };
		584599D3BD04A44641FD3C57 /* WebKit.framework */ = {isa = PBXFileReference; lastKnownFileType = wrapper.framework; name = WebKit.framework; path = System/Library/Frameworks/WebKit.framework; sourceTree = SDKROOT; };
		63085BB27A68F9F591786AB3 /* include_juce_data_structures.mm */ = {isa = PBXFileReference; lastKnownFileType = sourcecode.cpp.objcpp; name = include_juce_data_structures.mm; path = ../../JuceLibraryCode/include_juce_data_structures.mm; sourceTree = SOURCE_ROOT; };
		74058CB4189F335EAC68CE71 /* juce_audio_utils */ = {isa = PBXFileReference; lastKnownFileType = folder; name = juce_audio_utils; path = /Users/bennetleff/Documents/JUCE/modules/juce_audio_utils; sourceTree = "<absolute>"; };
		7506AB60F191E9BC68D53342 /* juce_opengl */ = {isa = PBXFileReference; lastKnownFileType = folder; name = juce_opengl; path = /Users/bennetleff/Documents/JUCE/modules/juce_opengl; sourceTree = "<absolute>"; };
		7701FB505F4CF53B2FCF0132 /* include_juce_events.mm */ = {isa = PBXFileReference; lastKnownFileType = sourcecode.cpp.objcpp; name = include_juce_events.mm; path = ../../JuceLibraryCode/include_juce_events.mm; sourceTree = SOURCE_ROOT; };
		891456C7454FFF11D5CC5BA2 /* AppConfig.h */ = {isa = PBXFileReference; lastKnownFileType = sourcecode.c.h; name = AppConfig.h; path = ../../JuceLibraryCode/AppConfig.h; sourceTree = SOURCE_ROOT; };
		8CBB293F0923F247CAAB00BD /* juce_audio_formats */ = {isa = PBXFileReference; lastKnownFileType = folder; name = juce_audio_formats; path = /Users/bennetleff/Documents/JUCE/modules/juce_audio_formats; sourceTree = "<absolute>"; };
		8DF0E8C6A4963AA776CE2E72 /* QuartzCore.framework */ = {isa = PBXFileReference; lastKnownFileType = wrapper.framework; name = QuartzCore.framework; path = System/Library/Frameworks/QuartzCore.framework; sourceTree = SDKROOT; };
		92BAD0D537E01D2534C0EE87 /* juce_audio_devices */ = {isa = PBXFileReference; lastKnownFileType = folder; name = juce_audio_devices; path = /Users/bennetleff/Documents/JUCE/modules/juce_audio_devices; sourceTree = "<absolute>"; };
		95618FC8513CAFC47B334511 /* MainComponent.cpp */ = {isa = PBXFileReference; lastKnownFileType = sourcecode.cpp.cpp; name = MainComponent.cpp; path = ../../Source/MainComponent.cpp; sourceTree = SOURCE_ROOT; };
		97C3594619B9A1F3D5B5B370 /* juce_gui_extra */ = {isa = PBXFileReference; lastKnownFileType = folder; name = juce_gui_extra; path = /Users/bennetleff/Documents/JUCE/modules/juce_gui_extra; sourceTree = "<absolute>"; };
		988E0BE364910BB462274DB9 /* juce_graphics */ = {isa = PBXFileReference; lastKnownFileType = folder; name = juce_graphics; path = /Users/bennetleff/Documents/JUCE/modules/juce_graphics; sourceTree = "<absolute>"; };
		A102DA1359F809D20A72F806 /* include_juce_audio_formats.mm */ = {isa = PBXFileReference; lastKnownFileType = sourcecode.cpp.objcpp; name = include_juce_audio_formats.mm; path = ../../JuceLibraryCode/include_juce_audio_formats.mm; sourceTree = SOURCE_ROOT; };
		B459639B9F1A35BBDBE65239 /* JuceHeader.h */ = {isa = PBXFileReference; lastKnownFileType = sourcecode.c.h; name = JuceHeader.h; path = ../../JuceLibraryCode/JuceHeader.h; sourceTree = SOURCE_ROOT; };
		BA3530A84AFD7C3B07B6DB9F /* Carbon.framework */ = {isa = PBXFileReference; lastKnownFileType = wrapper.framework; name = Carbon.framework; path = System/Library/Frameworks/Carbon.framework; sourceTree = SDKROOT; };
		BCE2145BC862A83A9AD16408 /* juce_audio_basics */ = {isa = PBXFileReference; lastKnownFileType = folder; name = juce_audio_basics; path = /Users/bennetleff/Documents/JUCE/modules/juce_audio_basics; sourceTree = "<absolute>"; };
		C2DD2001F4995EFA4B5B4F5C /* Nave.app */ = {isa = PBXFileReference; explicitFileType = wrapper.application; includeInIndex = 0; path = Nave.app; sourceTree = BUILT_PRODUCTS_DIR; };
		C38FC8E5F85A43B7D6FEF510 /* Accelerate.framework */ = {isa = PBXFileReference; lastKnownFileType = wrapper.framework; name = Accelerate.framework; path = System/Library/Frameworks/Accelerate.framework; sourceTree = SDKROOT; };
		C424D6784F39B84930F66E14 /* juce_core */ = {isa = PBXFileReference; lastKnownFileType = folder; name = juce_core; path = /Users/bennetleff/Documents/JUCE/modules/juce_core; sourceTree = "<absolute>"; };
		CD2CD20338378F30CEDC633D /* include_juce_cryptography.mm */ = {isa = PBXFileReference; lastKnownFileType = sourcecode.cpp.objcpp; name = include_juce_cryptography.mm; path = ../../JuceLibraryCode/include_juce_cryptography.mm; sourceTree = SOURCE_ROOT; };
		CDB75CA4D218EDFACFE29C51 /* include_juce_core.mm */ = {isa = PBXFileReference; lastKnownFileType = sourcecode.cpp.objcpp; name = include_juce_core.mm; path = ../../JuceLibraryCode/include_juce_core.mm; sourceTree = SOURCE_ROOT; };
		D87F792F3A641919088A7BD7 /* MainComponent.h */ = {isa = PBXFileReference; lastKnownFileType = sourcecode.c.h; name = MainComponent.h; path = ../../Source/MainComponent.h; sourceTree = SOURCE_ROOT; };
		E1440C99B06A35B0C55B46DA /* CoreMIDI.framework */ = {isa = PBXFileReference; lastKnownFileType = wrapper.framework; name = CoreMIDI.framework; path = System/Library/Frameworks/CoreMIDI.framework; sourceTree = SDKROOT; };
		FB34D33F23B4E99B621532A3 /* juce_cryptography */ = {isa = PBXFileReference; lastKnownFileType = folder; name = juce_cryptography; path = /Users/bennetleff/Documents/JUCE/modules/juce_cryptography; sourceTree = "<absolute>"; };
		FBBFE7B5829568B12E8DC4AC /* include_juce_audio_devices.mm */ = {isa = PBXFileReference; lastKnownFileType = sourcecode.cpp.objcpp; name = include_juce_audio_devices.mm; path = ../../JuceLibraryCode/include_juce_audio_devices.mm; sourceTree = SOURCE_ROOT; };
/* End PBXFileReference section */

/* Begin PBXFrameworksBuildPhase section */
		25B87972F18A7AC650F69C98 /* Frameworks */ = {
			isa = PBXFrameworksBuildPhase;
			buildActionMask = 2147483647;
			files = (
				65B3E07C6CC4887086BC45FA /* Accelerate.framework in Frameworks */,
				BB6F2DE4237AD44C2925F202 /* AudioToolbox.framework in Frameworks */,
				CFAFCCC3DC42375E78AAEE75 /* Carbon.framework in Frameworks */,
				1900A579C359D6D031A157B7 /* Cocoa.framework in Frameworks */,
				54476CEC8E459681D109362F /* CoreAudio.framework in Frameworks */,
				44D16CA782C8012BDE70ADEA /* CoreMIDI.framework in Frameworks */,
				4A8672D4E56506189E5CF8EB /* DiscRecording.framework in Frameworks */,
				A623CF972067B20024ABDBF9 /* IOKit.framework in Frameworks */,
				CE151D5CA010D02152257B3A /* OpenGL.framework in Frameworks */,
				CF6295986C0F7009EDE0D3DC /* QuartzCore.framework in Frameworks */,
				C79E2A4044B55413F1B770FD /* WebKit.framework in Frameworks */,
			);
			runOnlyForDeploymentPostprocessing = 0;
		};
/* End PBXFrameworksBuildPhase section */

/* Begin PBXGroup section */
		055DEF760DED4F16D67CD0E2 /* Source */ = {
			isa = PBXGroup;
			children = (
				12DF7A2B23A2E7800012E6D7 /* SynthAudioSource.cpp */,
				12DF7A2A23A2E7800012E6D7 /* SynthAudioSource.h */,
				12DF7A2823A2E6270012E6D7 /* Sampler.cpp */,
				12DF7A2723A2E6270012E6D7 /* Sampler.h */,
				D87F792F3A641919088A7BD7 /* MainComponent.h */,
				95618FC8513CAFC47B334511 /* MainComponent.cpp */,
				2BD26A17F909720D04D73748 /* Main.cpp */,
			);
			name = Source;
			sourceTree = "<group>";
		};
		10D60B7895E0A6596EFAB6B6 /* Nave */ = {
			isa = PBXGroup;
			children = (
				055DEF760DED4F16D67CD0E2 /* Source */,
			);
			name = Nave;
			sourceTree = "<group>";
		};
		26A72B561836DE707A6F82B1 /* Resources */ = {
			isa = PBXGroup;
			children = (
				4FC2CFC0B4E51A80D2D9A979 /* Info-App.plist */,
				192E1241FBCEEBC96416B7D4 /* RecentFilesMenuTemplate.nib */,
			);
			name = Resources;
			sourceTree = "<group>";
		};
		3BE4613B91F5DB50DE6ECC81 /* JUCE Library Code */ = {
			isa = PBXGroup;
			children = (
				891456C7454FFF11D5CC5BA2 /* AppConfig.h */,
				4B4E52EABD5FE844C7C614C1 /* include_juce_audio_basics.mm */,
				FBBFE7B5829568B12E8DC4AC /* include_juce_audio_devices.mm */,
				A102DA1359F809D20A72F806 /* include_juce_audio_formats.mm */,
				1F5E2631B5237105A39D534B /* include_juce_audio_processors.mm */,
				45E5344CAA0730F8F0501790 /* include_juce_audio_utils.mm */,
				CDB75CA4D218EDFACFE29C51 /* include_juce_core.mm */,
				CD2CD20338378F30CEDC633D /* include_juce_cryptography.mm */,
				63085BB27A68F9F591786AB3 /* include_juce_data_structures.mm */,
				7701FB505F4CF53B2FCF0132 /* include_juce_events.mm */,
				403107062AE4CF3A6E6E0EEF /* include_juce_graphics.mm */,
				4597CF2A1B89E18A817EE52D /* include_juce_gui_basics.mm */,
				4D2FBD796C1BF17D9061F1A6 /* include_juce_gui_extra.mm */,
				3B1674E3321FC30120A91676 /* include_juce_opengl.mm */,
				B459639B9F1A35BBDBE65239 /* JuceHeader.h */,
			);
			name = "JUCE Library Code";
			sourceTree = "<group>";
		};
		846778FAB2A3CC506A34D235 /* Frameworks */ = {
			isa = PBXGroup;
			children = (
				C38FC8E5F85A43B7D6FEF510 /* Accelerate.framework */,
				527D39538B8D0D3CBC49E068 /* AudioToolbox.framework */,
				BA3530A84AFD7C3B07B6DB9F /* Carbon.framework */,
				2DCB2A9DCF8097CC0A5DF768 /* Cocoa.framework */,
				46276AF431FC68C49E8DDF96 /* CoreAudio.framework */,
				E1440C99B06A35B0C55B46DA /* CoreMIDI.framework */,
				0E1C2E519A47B368DA7AED3B /* DiscRecording.framework */,
				2D9B0BF476B2B090678E6032 /* IOKit.framework */,
				1A1A145B7A982E78192848E8 /* OpenGL.framework */,
				8DF0E8C6A4963AA776CE2E72 /* QuartzCore.framework */,
				584599D3BD04A44641FD3C57 /* WebKit.framework */,
			);
			name = Frameworks;
			sourceTree = "<group>";
		};
		8A7AF558BAD1F86595C76042 /* Source */ = {
			isa = PBXGroup;
			children = (
				10D60B7895E0A6596EFAB6B6 /* Nave */,
				B7E60CEDF8F49C6BF0D4E03B /* JUCE Modules */,
				3BE4613B91F5DB50DE6ECC81 /* JUCE Library Code */,
				26A72B561836DE707A6F82B1 /* Resources */,
				846778FAB2A3CC506A34D235 /* Frameworks */,
				EDD871D3545FF0F136E4F89F /* Products */,
			);
			name = Source;
			sourceTree = "<group>";
		};
		B7E60CEDF8F49C6BF0D4E03B /* JUCE Modules */ = {
			isa = PBXGroup;
			children = (
				BCE2145BC862A83A9AD16408 /* juce_audio_basics */,
				92BAD0D537E01D2534C0EE87 /* juce_audio_devices */,
				8CBB293F0923F247CAAB00BD /* juce_audio_formats */,
				01EC5B85F8DB4D7D6CD6EE26 /* juce_audio_processors */,
				74058CB4189F335EAC68CE71 /* juce_audio_utils */,
				C424D6784F39B84930F66E14 /* juce_core */,
				FB34D33F23B4E99B621532A3 /* juce_cryptography */,
				2ED1990C26B2ED7B452FB167 /* juce_data_structures */,
				2721F3A1951E260AAAFE6CD7 /* juce_events */,
				988E0BE364910BB462274DB9 /* juce_graphics */,
				02737FCEE8B8EB2625846640 /* juce_gui_basics */,
				97C3594619B9A1F3D5B5B370 /* juce_gui_extra */,
				7506AB60F191E9BC68D53342 /* juce_opengl */,
			);
			name = "JUCE Modules";
			sourceTree = "<group>";
		};
		EDD871D3545FF0F136E4F89F /* Products */ = {
			isa = PBXGroup;
			children = (
				C2DD2001F4995EFA4B5B4F5C /* Nave.app */,
			);
			name = Products;
			sourceTree = "<group>";
		};
/* End PBXGroup section */

/* Begin PBXNativeTarget section */
		64130B98B222D8BACC5A7DB9 /* Nave - App */ = {
			isa = PBXNativeTarget;
			buildConfigurationList = DE461ECB6B3B4E40419682E8 /* Build configuration list for PBXNativeTarget "Nave - App" */;
			buildPhases = (
				A4DC3AD8E835B97D1D64DEE9 /* Resources */,
				159147182DB79CBCA13A3D91 /* Sources */,
				25B87972F18A7AC650F69C98 /* Frameworks */,
			);
			buildRules = (
			);
			dependencies = (
			);
			name = "Nave - App";
			productName = Nave;
			productReference = C2DD2001F4995EFA4B5B4F5C /* Nave.app */;
			productType = "com.apple.product-type.application";
		};
/* End PBXNativeTarget section */

/* Begin PBXProject section */
		1CF3EC8499CE9BAFE80EC060 /* Project object */ = {
			isa = PBXProject;
			attributes = {
				LastUpgradeCheck = 1130;
				ORGANIZATIONNAME = "";
				TargetAttributes = {
					64130B98B222D8BACC5A7DB9 = {
						SystemCapabilities = {
							com.apple.ApplicationGroups.iOS = {
								enabled = 0;
							};
							com.apple.HardenedRuntime = {
								enabled = 0;
							};
							com.apple.InAppPurchase = {
								enabled = 0;
							};
							com.apple.InterAppAudio = {
								enabled = 0;
							};
							com.apple.Push = {
								enabled = 0;
							};
							com.apple.Sandbox = {
								enabled = 0;
							};
						};
					};
				};
			};
			buildConfigurationList = 1D021BF65FF5D1766BAAFA60 /* Build configuration list for PBXProject "Nave" */;
			compatibilityVersion = "Xcode 3.2";
			developmentRegion = en;
			hasScannedForEncodings = 0;
			knownRegions = (
				en,
				Base,
			);
			mainGroup = 8A7AF558BAD1F86595C76042 /* Source */;
			projectDirPath = "";
			projectRoot = "";
			targets = (
				64130B98B222D8BACC5A7DB9 /* Nave - App */,
			);
		};
/* End PBXProject section */

/* Begin PBXResourcesBuildPhase section */
		A4DC3AD8E835B97D1D64DEE9 /* Resources */ = {
			isa = PBXResourcesBuildPhase;
			buildActionMask = 2147483647;
			files = (
				628C0FEF2C57E50E5F5EF23D /* RecentFilesMenuTemplate.nib in Resources */,
			);
			runOnlyForDeploymentPostprocessing = 0;
		};
/* End PBXResourcesBuildPhase section */

/* Begin PBXSourcesBuildPhase section */
		159147182DB79CBCA13A3D91 /* Sources */ = {
			isa = PBXSourcesBuildPhase;
			buildActionMask = 2147483647;
			files = (
				12DF7A2923A2E6270012E6D7 /* Sampler.cpp in Sources */,
				661C74DF3C7E0F7A04B71385 /* MainComponent.cpp in Sources */,
				4A25705454F665A62B29E77B /* Main.cpp in Sources */,
				F5EB11592E8AE7DBC4E18FCB /* include_juce_audio_basics.mm in Sources */,
				AE7D7C542554D80DB89EF322 /* include_juce_audio_devices.mm in Sources */,
				B0A745723BE9DEE0CB6AD99A /* include_juce_audio_formats.mm in Sources */,
				29259B413930F62EECA3E1BC /* include_juce_audio_processors.mm in Sources */,
				02CE20669E95A82EC2271680 /* include_juce_audio_utils.mm in Sources */,
				4F0265E43C84194E29865887 /* include_juce_core.mm in Sources */,
				407D6F486447311A636E957C /* include_juce_cryptography.mm in Sources */,
				5EFACC8C8DBAD79BF1B8E95B /* include_juce_data_structures.mm in Sources */,
				D591C0D6D0F91AA47647486F /* include_juce_events.mm in Sources */,
				2047408C1E5EE047CEBDD5C2 /* include_juce_graphics.mm in Sources */,
				5A3B085B9543FD4AECF8F6B1 /* include_juce_gui_basics.mm in Sources */,
				12DF7A2C23A2E7800012E6D7 /* SynthAudioSource.cpp in Sources */,
				87375BBF81EA68D6AD3CBA4E /* include_juce_gui_extra.mm in Sources */,
				0BBEBB3083821EA8FBE37566 /* include_juce_opengl.mm in Sources */,
			);
			runOnlyForDeploymentPostprocessing = 0;
		};
/* End PBXSourcesBuildPhase section */

/* Begin XCBuildConfiguration section */
		7BD9BAF2697FF341D21D1D47 /* Debug */ = {
			isa = XCBuildConfiguration;
			buildSettings = {
				ALWAYS_SEARCH_USER_PATHS = NO;
				CLANG_ENABLE_OBJC_WEAK = YES;
				CLANG_WARN_BLOCK_CAPTURE_AUTORELEASING = YES;
				CLANG_WARN_BOOL_CONVERSION = YES;
				CLANG_WARN_COMMA = YES;
				CLANG_WARN_CONSTANT_CONVERSION = YES;
				CLANG_WARN_DEPRECATED_OBJC_IMPLEMENTATIONS = YES;
				CLANG_WARN_EMPTY_BODY = YES;
				CLANG_WARN_ENUM_CONVERSION = YES;
				CLANG_WARN_INFINITE_RECURSION = YES;
				CLANG_WARN_INT_CONVERSION = YES;
				CLANG_WARN_NON_LITERAL_NULL_CONVERSION = YES;
				CLANG_WARN_OBJC_IMPLICIT_RETAIN_SELF = YES;
				CLANG_WARN_OBJC_LITERAL_CONVERSION = YES;
				CLANG_WARN_RANGE_LOOP_ANALYSIS = YES;
				CLANG_WARN_STRICT_PROTOTYPES = YES;
				CLANG_WARN_SUSPICIOUS_MOVE = YES;
				CLANG_WARN_UNREACHABLE_CODE = YES;
				CLANG_WARN__DUPLICATE_METHOD_MATCH = YES;
				CODE_SIGN_IDENTITY = "";
				DEBUG_INFORMATION_FORMAT = dwarf;
				ENABLE_STRICT_OBJC_MSGSEND = YES;
				ENABLE_TESTABILITY = YES;
				GCC_C_LANGUAGE_STANDARD = c11;
				GCC_INLINES_ARE_PRIVATE_EXTERN = YES;
				GCC_MODEL_TUNING = G5;
				GCC_NO_COMMON_BLOCKS = YES;
				GCC_WARN_64_TO_32_BIT_CONVERSION = YES;
				GCC_WARN_ABOUT_RETURN_TYPE = YES;
				GCC_WARN_CHECK_SWITCH_STATEMENTS = YES;
				GCC_WARN_MISSING_PARENTHESES = YES;
				GCC_WARN_NON_VIRTUAL_DESTRUCTOR = YES;
				GCC_WARN_TYPECHECK_CALLS_TO_PRINTF = YES;
				GCC_WARN_UNDECLARED_SELECTOR = YES;
				GCC_WARN_UNINITIALIZED_AUTOS = YES;
				GCC_WARN_UNUSED_FUNCTION = YES;
				GCC_WARN_UNUSED_VARIABLE = YES;
				ONLY_ACTIVE_ARCH = YES;
				PRODUCT_NAME = Nave;
				WARNING_CFLAGS = "-Wreorder";
				ZERO_LINK = NO;
			};
			name = Debug;
		};
		906036D324D6A20558C7982B /* Release */ = {
			isa = XCBuildConfiguration;
			buildSettings = {
				ALWAYS_SEARCH_USER_PATHS = NO;
				CLANG_ENABLE_OBJC_WEAK = YES;
				CLANG_WARN_BLOCK_CAPTURE_AUTORELEASING = YES;
				CLANG_WARN_BOOL_CONVERSION = YES;
				CLANG_WARN_COMMA = YES;
				CLANG_WARN_CONSTANT_CONVERSION = YES;
				CLANG_WARN_DEPRECATED_OBJC_IMPLEMENTATIONS = YES;
				CLANG_WARN_EMPTY_BODY = YES;
				CLANG_WARN_ENUM_CONVERSION = YES;
				CLANG_WARN_INFINITE_RECURSION = YES;
				CLANG_WARN_INT_CONVERSION = YES;
				CLANG_WARN_NON_LITERAL_NULL_CONVERSION = YES;
				CLANG_WARN_OBJC_IMPLICIT_RETAIN_SELF = YES;
				CLANG_WARN_OBJC_LITERAL_CONVERSION = YES;
				CLANG_WARN_RANGE_LOOP_ANALYSIS = YES;
				CLANG_WARN_STRICT_PROTOTYPES = YES;
				CLANG_WARN_SUSPICIOUS_MOVE = YES;
				CLANG_WARN_UNREACHABLE_CODE = YES;
				CLANG_WARN__DUPLICATE_METHOD_MATCH = YES;
				CODE_SIGN_IDENTITY = "";
				DEBUG_INFORMATION_FORMAT = dwarf;
				ENABLE_STRICT_OBJC_MSGSEND = YES;
				GCC_C_LANGUAGE_STANDARD = c11;
				GCC_INLINES_ARE_PRIVATE_EXTERN = YES;
				GCC_MODEL_TUNING = G5;
				GCC_NO_COMMON_BLOCKS = YES;
				GCC_WARN_64_TO_32_BIT_CONVERSION = YES;
				GCC_WARN_ABOUT_RETURN_TYPE = YES;
				GCC_WARN_CHECK_SWITCH_STATEMENTS = YES;
				GCC_WARN_MISSING_PARENTHESES = YES;
				GCC_WARN_NON_VIRTUAL_DESTRUCTOR = YES;
				GCC_WARN_TYPECHECK_CALLS_TO_PRINTF = YES;
				GCC_WARN_UNDECLARED_SELECTOR = YES;
				GCC_WARN_UNINITIALIZED_AUTOS = YES;
				GCC_WARN_UNUSED_FUNCTION = YES;
				GCC_WARN_UNUSED_VARIABLE = YES;
				PRODUCT_NAME = Nave;
				WARNING_CFLAGS = "-Wreorder";
				ZERO_LINK = NO;
			};
			name = Release;
		};
		CC7F90998FE394698EBB875E /* Release */ = {
			isa = XCBuildConfiguration;
			buildSettings = {
				CLANG_CXX_LANGUAGE_STANDARD = "c++14";
				CLANG_CXX_LIBRARY = "libc++";
				CLANG_LINK_OBJC_RUNTIME = NO;
				CODE_SIGN_IDENTITY = "-";
				COMBINE_HIDPI_IMAGES = YES;
				CONFIGURATION_BUILD_DIR = "$(PROJECT_DIR)/build/$(CONFIGURATION)";
				DEAD_CODE_STRIPPING = YES;
				GCC_GENERATE_DEBUGGING_SYMBOLS = NO;
				GCC_OPTIMIZATION_LEVEL = 3;
				GCC_PREPROCESSOR_DEFINITIONS = (
					"_NDEBUG=1",
					"NDEBUG=1",
					"JUCER_XCODE_MAC_F6D2F4CF=1",
					"JUCE_APP_VERSION=1.0.0",
					"JUCE_APP_VERSION_HEX=0x10000",
					"JucePlugin_Build_VST=0",
					"JucePlugin_Build_VST3=0",
					"JucePlugin_Build_AU=0",
					"JucePlugin_Build_AUv3=0",
					"JucePlugin_Build_RTAS=0",
					"JucePlugin_Build_AAX=0",
					"JucePlugin_Build_Standalone=0",
					"JucePlugin_Build_Unity=0",
				);
				GCC_SYMBOLS_PRIVATE_EXTERN = YES;
				GCC_VERSION = com.apple.compilers.llvm.clang.1_0;
				HEADER_SEARCH_PATHS = (
					../../JuceLibraryCode,
					/Users/bennetleff/Documents/JUCE/modules,
					"$(inherited)",
				);
				INFOPLIST_FILE = "Info-App.plist";
				INFOPLIST_PREPROCESS = NO;
				INSTALL_PATH = "$(HOME)/Applications";
				LLVM_LTO = YES;
				MACOSX_DEPLOYMENT_TARGET = 10.11;
				PRODUCT_BUNDLE_IDENTIFIER = com.yourcompany.Nave;
				PRODUCT_NAME = Nave;
				USE_HEADERMAP = NO;
			};
			name = Release;
		};
		FBC867FAFA3E5758C8BD32F9 /* Debug */ = {
			isa = XCBuildConfiguration;
			buildSettings = {
				CLANG_CXX_LANGUAGE_STANDARD = "c++14";
				CLANG_CXX_LIBRARY = "libc++";
				CLANG_LINK_OBJC_RUNTIME = NO;
				CODE_SIGN_IDENTITY = "-";
				COMBINE_HIDPI_IMAGES = YES;
				CONFIGURATION_BUILD_DIR = "$(PROJECT_DIR)/build/$(CONFIGURATION)";
				COPY_PHASE_STRIP = NO;
				GCC_DYNAMIC_NO_PIC = NO;
				GCC_OPTIMIZATION_LEVEL = 0;
				GCC_PREPROCESSOR_DEFINITIONS = (
					"_DEBUG=1",
					"DEBUG=1",
					"JUCER_XCODE_MAC_F6D2F4CF=1",
					"JUCE_APP_VERSION=1.0.0",
					"JUCE_APP_VERSION_HEX=0x10000",
					"JucePlugin_Build_VST=0",
					"JucePlugin_Build_VST3=0",
					"JucePlugin_Build_AU=0",
					"JucePlugin_Build_AUv3=0",
					"JucePlugin_Build_RTAS=0",
					"JucePlugin_Build_AAX=0",
					"JucePlugin_Build_Standalone=0",
					"JucePlugin_Build_Unity=0",
				);
				GCC_VERSION = com.apple.compilers.llvm.clang.1_0;
				HEADER_SEARCH_PATHS = (
					../../JuceLibraryCode,
					/Users/bennetleff/Documents/JUCE/modules,
					"$(inherited)",
				);
				INFOPLIST_FILE = "Info-App.plist";
				INFOPLIST_PREPROCESS = NO;
				INSTALL_PATH = "$(HOME)/Applications";
				MACOSX_DEPLOYMENT_TARGET = 10.11;
				PRODUCT_BUNDLE_IDENTIFIER = com.yourcompany.Nave;
				PRODUCT_NAME = Nave;
				USE_HEADERMAP = NO;
			};
			name = Debug;
		};
/* End XCBuildConfiguration section */

/* Begin XCConfigurationList section */
		1D021BF65FF5D1766BAAFA60 /* Build configuration list for PBXProject "Nave" */ = {
			isa = XCConfigurationList;
			buildConfigurations = (
				7BD9BAF2697FF341D21D1D47 /* Debug */,
				906036D324D6A20558C7982B /* Release */,
			);
			defaultConfigurationIsVisible = 0;
			defaultConfigurationName = Debug;
		};
		DE461ECB6B3B4E40419682E8 /* Build configuration list for PBXNativeTarget "Nave - App" */ = {
			isa = XCConfigurationList;
			buildConfigurations = (
				FBC867FAFA3E5758C8BD32F9 /* Debug */,
				CC7F90998FE394698EBB875E /* Release */,
			);
			defaultConfigurationIsVisible = 0;
			defaultConfigurationName = Debug;
		};
/* End XCConfigurationList section */
	};
	rootObject = 1CF3EC8499CE9BAFE80EC060 /* Project object */;
}
